
Microsoft Visual Studio Solution File, Format Version 12.00
# Visual Studio Version 16
VisualStudioVersion = 16.0.30413.136
MinimumVisualStudioVersion = 10.0.40219.1
Project("{FAE04EC0-301F-11D3-BF4B-00C04F79EFBC}") = "VPN", "VPN\VPN.csproj", "{76802AF4-0BDF-4ACA-B522-AD039D6FC9B0}"
EndProject
Project("{FAE04EC0-301F-11D3-BF4B-00C04F79EFBC}") = "Database", "Database\Database.csproj", "{53544986-852C-4663-98E7-56A4156446D3}"
EndProject
Project("{FAE04EC0-301F-11D3-BF4B-00C04F79EFBC}") = "MB Accounting", "MB Accounting\MB Accounting.csproj", "{2A10220D-CE4B-4C14-BE92-FED54F802374}"
EndProject
Global
	GlobalSection(SolutionConfigurationPlatforms) = preSolution
		Debug|Any CPU = Debug|Any CPU
		Release|Any CPU = Release|Any CPU
	EndGlobalSection
	GlobalSection(ProjectConfigurationPlatforms) = postSolution
		{76802AF4-0BDF-4ACA-B522-AD039D6FC9B0}.Debug|Any CPU.ActiveCfg = Debug|Any CPU
		{76802AF4-0BDF-4ACA-B522-AD039D6FC9B0}.Debug|Any CPU.Build.0 = Debug|Any CPU
		{76802AF4-0BDF-4ACA-B522-AD039D6FC9B0}.Release|Any CPU.ActiveCfg = Release|Any CPU
		{76802AF4-0BDF-4ACA-B522-AD039D6FC9B0}.Release|Any CPU.Build.0 = Release|Any CPU
		{53544986-852C-4663-98E7-56A4156446D3}.Debug|Any CPU.ActiveCfg = Debug|Any CPU
		{53544986-852C-4663-98E7-56A4156446D3}.Debug|Any CPU.Build.0 = Debug|Any CPU
		{53544986-852C-4663-98E7-56A4156446D3}.Release|Any CPU.ActiveCfg = Release|Any CPU
		{53544986-852C-4663-98E7-56A4156446D3}.Release|Any CPU.Build.0 = Release|Any CPU
		{2A10220D-CE4B-4C14-BE92-FED54F802374}.Debug|Any CPU.ActiveCfg = Debug|Any CPU
		{2A10220D-CE4B-4C14-BE92-FED54F802374}.Debug|Any CPU.Build.0 = Debug|Any CPU
		{2A10220D-CE4B-4C14-BE92-FED54F802374}.Release|Any CPU.ActiveCfg = Release|Any CPU
		{2A10220D-CE4B-4C14-BE92-FED54F802374}.Release|Any CPU.Build.0 = Release|Any CPU
	EndGlobalSection
	GlobalSection(SolutionProperties) = preSolution
		HideSolutionNode = FALSE
	EndGlobalSection
	GlobalSection(ExtensibilityGlobals) = postSolution
		SolutionGuid = {F609680A-850C-4472-931B-FD288AD92E4E}
	EndGlobalSection
EndGlobal
